// !$*UTF8*$!
{
	archiveVersion = 1;
	classes = {
	};
	objectVersion = 46;
	objects = {

/* Begin PBXBuildFile section */
		0122D09A1772780800F10582 /* UIKit.framework in Frameworks */ = {isa = PBXBuildFile; fileRef = 0122D0991772780800F10582 /* UIKit.framework */; };
		0122D09C1772780800F10582 /* Foundation.framework in Frameworks */ = {isa = PBXBuildFile; fileRef = 0122D09B1772780800F10582 /* Foundation.framework */; };
		0122D09E1772780800F10582 /* CoreGraphics.framework in Frameworks */ = {isa = PBXBuildFile; fileRef = 0122D09D1772780800F10582 /* CoreGraphics.framework */; };
		0122D0A41772780800F10582 /* InfoPlist.strings in Resources */ = {isa = PBXBuildFile; fileRef = 0122D0A21772780800F10582 /* InfoPlist.strings */; };
		0122D0A61772780800F10582 /* main.m in Sources */ = {isa = PBXBuildFile; fileRef = 0122D0A51772780800F10582 /* main.m */; };
		0122D0AA1772780800F10582 /* Jun20AppDelegate.m in Sources */ = {isa = PBXBuildFile; fileRef = 0122D0A91772780800F10582 /* Jun20AppDelegate.m */; };
		0122D0AC1772780800F10582 /* Default.png in Resources */ = {isa = PBXBuildFile; fileRef = 0122D0AB1772780800F10582 /* Default.png */; };
		0122D0AE1772780800F10582 /* Default@2x.png in Resources */ = {isa = PBXBuildFile; fileRef = 0122D0AD1772780800F10582 /* Default@2x.png */; };
		0122D0B01772780800F10582 /* Default-568h@2x.png in Resources */ = {isa = PBXBuildFile; fileRef = 0122D0AF1772780800F10582 /* Default-568h@2x.png */; };
		0122D0B81772782F00F10582 /* View.m in Sources */ = {isa = PBXBuildFile; fileRef = 0122D0B71772782F00F10582 /* View.m */; };
		0122D10F17727DE100F10582 /* Icon29x29.png in Resources */ = {isa = PBXBuildFile; fileRef = 0122D10717727DE000F10582 /* Icon29x29.png */; };
		0122D11017727DE100F10582 /* Icon29x29@2x.png in Resources */ = {isa = PBXBuildFile; fileRef = 0122D10817727DE000F10582 /* Icon29x29@2x.png */; };
		0122D11117727DE100F10582 /* Icon50x50.png in Resources */ = {isa = PBXBuildFile; fileRef = 0122D10917727DE000F10582 /* Icon50x50.png */; };
		0122D11217727DE100F10582 /* Icon50x50@2x.png in Resources */ = {isa = PBXBuildFile; fileRef = 0122D10A17727DE000F10582 /* Icon50x50@2x.png */; };
		0122D11317727DE100F10582 /* Icon57x57.png in Resources */ = {isa = PBXBuildFile; fileRef = 0122D10B17727DE100F10582 /* Icon57x57.png */; };
		0122D11417727DE100F10582 /* Icon57x57@2x.png in Resources */ = {isa = PBXBuildFile; fileRef = 0122D10C17727DE100F10582 /* Icon57x57@2x.png */; };
		0122D11517727DE100F10582 /* Icon72x72.png in Resources */ = {isa = PBXBuildFile; fileRef = 0122D10D17727DE100F10582 /* Icon72x72.png */; };
		0122D11617727DE100F10582 /* Icon72x72@2x.png in Resources */ = {isa = PBXBuildFile; fileRef = 0122D10E17727DE100F10582 /* Icon72x72@2x.png */; };
/* End PBXBuildFile section */

/* Begin PBXFileReference section */
		0122D0961772780800F10582 /* Jun20.app */ = {isa = PBXFileReference; explicitFileType = wrapper.application; includeInIndex = 0; path = Jun20.app; sourceTree = BUILT_PRODUCTS_DIR; };
		0122D0991772780800F10582 /* UIKit.framework */ = {isa = PBXFileReference; lastKnownFileType = wrapper.framework; name = UIKit.framework; path = System/Library/Frameworks/UIKit.framework; sourceTree = SDKROOT; };
		0122D09B1772780800F10582 /* Foundation.framework */ = {isa = PBXFileReference; lastKnownFileType = wrapper.framework; name = Foundation.framework; path = System/Library/Frameworks/Foundation.framework; sourceTree = SDKROOT; };
		0122D09D1772780800F10582 /* CoreGraphics.framework */ = {isa = PBXFileReference; lastKnownFileType = wrapper.framework; name = CoreGraphics.framework; path = System/Library/Frameworks/CoreGraphics.framework; sourceTree = SDKROOT; };
		0122D0A11772780800F10582 /* Jun20-Info.plist */ = {isa = PBXFileReference; lastKnownFileType = text.plist.xml; path = "Jun20-Info.plist"; sourceTree = "<group>"; };
		0122D0A31772780800F10582 /* en */ = {isa = PBXFileReference; lastKnownFileType = text.plist.strings; name = en; path = en.lproj/InfoPlist.strings; sourceTree = "<group>"; };
		0122D0A51772780800F10582 /* main.m */ = {isa = PBXFileReference; lastKnownFileType = sourcecode.c.objc; path = main.m; sourceTree = "<group>"; };
		0122D0A71772780800F10582 /* Jun20-Prefix.pch */ = {isa = PBXFileReference; lastKnownFileType = sourcecode.c.h; path = "Jun20-Prefix.pch"; sourceTree = "<group>"; };
		0122D0A81772780800F10582 /* Jun20AppDelegate.h */ = {isa = PBXFileReference; lastKnownFileType = sourcecode.c.h; path = Jun20AppDelegate.h; sourceTree = "<group>"; };
		0122D0A91772780800F10582 /* Jun20AppDelegate.m */ = {isa = PBXFileReference; lastKnownFileType = sourcecode.c.objc; path = Jun20AppDelegate.m; sourceTree = "<group>"; };
		0122D0AB1772780800F10582 /* Default.png */ = {isa = PBXFileReference; lastKnownFileType = image.png; path = Default.png; sourceTree = "<group>"; };
		0122D0AD1772780800F10582 /* Default@2x.png */ = {isa = PBXFileReference; lastKnownFileType = image.png; path = "Default@2x.png"; sourceTree = "<group>"; };
		0122D0AF1772780800F10582 /* Default-568h@2x.png */ = {isa = PBXFileReference; lastKnownFileType = image.png; path = "Default-568h@2x.png"; sourceTree = "<group>"; };
		0122D0B61772782F00F10582 /* View.h */ = {isa = PBXFileReference; fileEncoding = 4; lastKnownFileType = sourcecode.c.h; path = View.h; sourceTree = "<group>"; };
		0122D0B71772782F00F10582 /* View.m */ = {isa = PBXFileReference; fileEncoding = 4; lastKnownFileType = sourcecode.c.objc; path = View.m; sourceTree = "<group>"; };
		0122D10717727DE000F10582 /* Icon29x29.png */ = {isa = PBXFileReference; lastKnownFileType = image.png; path = Icon29x29.png; sourceTree = "<group>"; };
		0122D10817727DE000F10582 /* Icon29x29@2x.png */ = {isa = PBXFileReference; lastKnownFileType = image.png; path = "Icon29x29@2x.png"; sourceTree = "<group>"; };
		0122D10917727DE000F10582 /* Icon50x50.png */ = {isa = PBXFileReference; lastKnownFileType = image.png; path = Icon50x50.png; sourceTree = "<group>"; };
		0122D10A17727DE000F10582 /* Icon50x50@2x.png */ = {isa = PBXFileReference; lastKnownFileType = image.png; path = "Icon50x50@2x.png"; sourceTree = "<group>"; };
		0122D10B17727DE100F10582 /* Icon57x57.png */ = {isa = PBXFileReference; lastKnownFileType = image.png; path = Icon57x57.png; sourceTree = "<group>"; };
		0122D10C17727DE100F10582 /* Icon57x57@2x.png */ = {isa = PBXFileReference; lastKnownFileType = image.png; path = "Icon57x57@2x.png"; sourceTree = "<group>"; };
		0122D10D17727DE100F10582 /* Icon72x72.png */ = {isa = PBXFileReference; lastKnownFileType = image.png; path = Icon72x72.png; sourceTree = "<group>"; };
		0122D10E17727DE100F10582 /* Icon72x72@2x.png */ = {isa = PBXFileReference; lastKnownFileType = image.png; path = "Icon72x72@2x.png"; sourceTree = "<group>"; };
/* End PBXFileReference section */

/* Begin PBXFrameworksBuildPhase section */
		0122D0931772780800F10582 /* Frameworks */ = {
			isa = PBXFrameworksBuildPhase;
			buildActionMask = 2147483647;
			files = (
				0122D09A1772780800F10582 /* UIKit.framework in Frameworks */,
				0122D09C1772780800F10582 /* Foundation.framework in Frameworks */,
				0122D09E1772780800F10582 /* CoreGraphics.framework in Frameworks */,
			);
			runOnlyForDeploymentPostprocessing = 0;
		};
/* End PBXFrameworksBuildPhase section */

/* Begin PBXGroup section */
		0122D08D1772780800F10582 = {
			isa = PBXGroup;
			children = (
				0122D09F1772780800F10582 /* Jun20 */,
				0122D0981772780800F10582 /* Frameworks */,
				0122D0971772780800F10582 /* Products */,
			);
			sourceTree = "<group>";
		};
		0122D0971772780800F10582 /* Products */ = {
			isa = PBXGroup;
			children = (
				0122D0961772780800F10582 /* Jun20.app */,
			);
			name = Products;
			sourceTree = "<group>";
		};
		0122D0981772780800F10582 /* Frameworks */ = {
			isa = PBXGroup;
			children = (
				0122D0991772780800F10582 /* UIKit.framework */,
				0122D09B1772780800F10582 /* Foundation.framework */,
				0122D09D1772780800F10582 /* CoreGraphics.framework */,
			);
			name = Frameworks;
			sourceTree = "<group>";
		};
		0122D09F1772780800F10582 /* Jun20 */ = {
			isa = PBXGroup;
			children = (
				0122D0A81772780800F10582 /* Jun20AppDelegate.h */,
				0122D0A91772780800F10582 /* Jun20AppDelegate.m */,
				0122D0B61772782F00F10582 /* View.h */,
				0122D0B71772782F00F10582 /* View.m */,
				0122D0A01772780800F10582 /* Supporting Files */,
			);
			path = Jun20;
			sourceTree = "<group>";
		};
		0122D0A01772780800F10582 /* Supporting Files */ = {
			isa = PBXGroup;
			children = (
				0122D10717727DE000F10582 /* Icon29x29.png */,
				0122D10817727DE000F10582 /* Icon29x29@2x.png */,
				0122D10917727DE000F10582 /* Icon50x50.png */,
				0122D10A17727DE000F10582 /* Icon50x50@2x.png */,
				0122D10B17727DE100F10582 /* Icon57x57.png */,
				0122D10C17727DE100F10582 /* Icon57x57@2x.png */,
				0122D10D17727DE100F10582 /* Icon72x72.png */,
				0122D10E17727DE100F10582 /* Icon72x72@2x.png */,
				0122D0A11772780800F10582 /* Jun20-Info.plist */,
				0122D0A21772780800F10582 /* InfoPlist.strings */,
				0122D0A51772780800F10582 /* main.m */,
				0122D0A71772780800F10582 /* Jun20-Prefix.pch */,
				0122D0AB1772780800F10582 /* Default.png */,
				0122D0AD1772780800F10582 /* Default@2x.png */,
				0122D0AF1772780800F10582 /* Default-568h@2x.png */,
			);
			name = "Supporting Files";
			sourceTree = "<group>";
		};
/* End PBXGroup section */

/* Begin PBXNativeTarget section */
		0122D0951772780800F10582 /* Jun20 */ = {
			isa = PBXNativeTarget;
			buildConfigurationList = 0122D0B31772780800F10582 /* Build configuration list for PBXNativeTarget "Jun20" */;
			buildPhases = (
				0122D0921772780800F10582 /* Sources */,
				0122D0931772780800F10582 /* Frameworks */,
				0122D0941772780800F10582 /* Resources */,
			);
			buildRules = (
			);
			dependencies = (
			);
			name = Jun20;
			productName = Jun20;
			productReference = 0122D0961772780800F10582 /* Jun20.app */;
			productType = "com.apple.product-type.application";
		};
/* End PBXNativeTarget section */

/* Begin PBXProject section */
		0122D08E1772780800F10582 /* Project object */ = {
			isa = PBXProject;
			attributes = {
				CLASSPREFIX = Jun20;
				LastUpgradeCheck = 0460;
				ORGANIZATIONNAME = "PHILIP JACOBS";
			};
			buildConfigurationList = 0122D0911772780800F10582 /* Build configuration list for PBXProject "Jun20" */;
			compatibilityVersion = "Xcode 3.2";
			developmentRegion = English;
			hasScannedForEncodings = 0;
			knownRegions = (
				en,
			);
			mainGroup = 0122D08D1772780800F10582;
			productRefGroup = 0122D0971772780800F10582 /* Products */;
			projectDirPath = "";
			projectRoot = "";
			targets = (
				0122D0951772780800F10582 /* Jun20 */,
			);
		};
/* End PBXProject section */

/* Begin PBXResourcesBuildPhase section */
		0122D0941772780800F10582 /* Resources */ = {
			isa = PBXResourcesBuildPhase;
			buildActionMask = 2147483647;
			files = (
				0122D0A41772780800F10582 /* InfoPlist.strings in Resources */,
				0122D0AC1772780800F10582 /* Default.png in Resources */,
				0122D0AE1772780800F10582 /* Default@2x.png in Resources */,
				0122D0B01772780800F10582 /* Default-568h@2x.png in Resources */,
				0122D10F17727DE100F10582 /* Icon29x29.png in Resources */,
				0122D11017727DE100F10582 /* Icon29x29@2x.png in Resources */,
				0122D11117727DE100F10582 /* Icon50x50.png in Resources */,
				0122D11217727DE100F10582 /* Icon50x50@2x.png in Resources */,
				0122D11317727DE100F10582 /* Icon57x57.png in Resources */,
				0122D11417727DE100F10582 /* Icon57x57@2x.png in Resources */,
				0122D11517727DE100F10582 /* Icon72x72.png in Resources */,
				0122D11617727DE100F10582 /* Icon72x72@2x.png in Resources */,
			);
			runOnlyForDeploymentPostprocessing = 0;
		};
/* End PBXResourcesBuildPhase section */

/* Begin PBXSourcesBuildPhase section */
		0122D0921772780800F10582 /* Sources */ = {
			isa = PBXSourcesBuildPhase;
			buildActionMask = 2147483647;
			files = (
				0122D0A61772780800F10582 /* main.m in Sources */,
				0122D0AA1772780800F10582 /* Jun20AppDelegate.m in Sources */,
				0122D0B81772782F00F10582 /* View.m in Sources */,
			);
			runOnlyForDeploymentPostprocessing = 0;
		};
/* End PBXSourcesBuildPhase section */

/* Begin PBXVariantGroup section */
		0122D0A21772780800F10582 /* InfoPlist.strings */ = {
			isa = PBXVariantGroup;
			children = (
				0122D0A31772780800F10582 /* en */,
			);
			name = InfoPlist.strings;
			sourceTree = "<group>";
		};
/* End PBXVariantGroup section */

/* Begin XCBuildConfiguration section */
		0122D0B11772780800F10582 /* Debug */ = {
			isa = XCBuildConfiguration;
			buildSettings = {
				ALWAYS_SEARCH_USER_PATHS = NO;
				CLANG_CXX_LANGUAGE_STANDARD = "gnu++0x";
				CLANG_CXX_LIBRARY = "libc++";
				CLANG_ENABLE_OBJC_ARC = YES;
				CLANG_WARN_CONSTANT_CONVERSION = YES;
				CLANG_WARN_EMPTY_BODY = YES;
				CLANG_WARN_ENUM_CONVERSION = YES;
				CLANG_WARN_INT_CONVERSION = YES;
				CLANG_WARN__DUPLICATE_METHOD_MATCH = YES;
				"CODE_SIGN_IDENTITY[sdk=iphoneos*]" = "iPhone Developer";
				COPY_PHASE_STRIP = NO;
				GCC_C_LANGUAGE_STANDARD = gnu99;
				GCC_DYNAMIC_NO_PIC = NO;
				GCC_OPTIMIZATION_LEVEL = 0;
				GCC_PREPROCESSOR_DEFINITIONS = (
					"DEBUG=1",
					"$(inherited)",
				);
				GCC_SYMBOLS_PRIVATE_EXTERN = NO;
				GCC_WARN_ABOUT_RETURN_TYPE = YES;
				GCC_WARN_UNINITIALIZED_AUTOS = YES;
				GCC_WARN_UNUSED_VARIABLE = YES;
				IPHONEOS_DEPLOYMENT_TARGET = 6.1;
				ONLY_ACTIVE_ARCH = YES;
				SDKROOT = iphoneos;
			};
			name = Debug;
		};
		0122D0B21772780800F10582 /* Release */ = {
			isa = XCBuildConfiguration;
			buildSettings = {
				ALWAYS_SEARCH_USER_PATHS = NO;
				CLANG_CXX_LANGUAGE_STANDARD = "gnu++0x";
				CLANG_CXX_LIBRARY = "libc++";
				CLANG_ENABLE_OBJC_ARC = YES;
				CLANG_WARN_CONSTANT_CONVERSION = YES;
				CLANG_WARN_EMPTY_BODY = YES;
				CLANG_WARN_ENUM_CONVERSION = YES;
				CLANG_WARN_INT_CONVERSION = YES;
				CLANG_WARN__DUPLICATE_METHOD_MATCH = YES;
				"CODE_SIGN_IDENTITY[sdk=iphoneos*]" = "iPhone Developer";
				COPY_PHASE_STRIP = YES;
				GCC_C_LANGUAGE_STANDARD = gnu99;
				GCC_WARN_ABOUT_RETURN_TYPE = YES;
				GCC_WARN_UNINITIALIZED_AUTOS = YES;
				GCC_WARN_UNUSED_VARIABLE = YES;
				IPHONEOS_DEPLOYMENT_TARGET = 6.1;
				OTHER_CFLAGS = "-DNS_BLOCK_ASSERTIONS=1";
				SDKROOT = iphoneos;
				VALIDATE_PRODUCT = YES;
			};
			name = Release;
		};
		0122D0B41772780800F10582 /* Debug */ = {
			isa = XCBuildConfiguration;
			buildSettings = {
				GCC_PRECOMPILE_PREFIX_HEADER = YES;
				GCC_PREFIX_HEADER = "Jun20/Jun20-Prefix.pch";
				INFOPLIST_FILE = "Jun20/Jun20-Info.plist";
				PRODUCT_NAME = "$(TARGET_NAME)";
				WRAPPER_EXTENSION = app;
			};
			name = Debug;
		};
		0122D0B51772780800F10582 /* Release */ = {
			isa = XCBuildConfiguration;
			buildSettings = {
				GCC_PRECOMPILE_PREFIX_HEADER = YES;
				GCC_PREFIX_HEADER = "Jun20/Jun20-Prefix.pch";
				INFOPLIST_FILE = "Jun20/Jun20-Info.plist";
				PRODUCT_NAME = "$(TARGET_NAME)";
				WRAPPER_EXTENSION = app;
			};
			name = Release;
		};
/* End XCBuildConfiguration section */

/* Begin XCConfigurationList section */
		0122D0911772780800F10582 /* Build configuration list for PBXProject "Jun20" */ = {
			isa = XCConfigurationList;
			buildConfigurations = (
				0122D0B11772780800F10582 /* Debug */,
				0122D0B21772780800F10582 /* Release */,
			);
			defaultConfigurationIsVisible = 0;
			defaultConfigurationName = Release;
		};
		0122D0B31772780800F10582 /* Build configuration list for PBXNativeTarget "Jun20" */ = {
			isa = XCConfigurationList;
			buildConfigurations = (
				0122D0B41772780800F10582 /* Debug */,
				0122D0B51772780800F10582 /* Release */,
			);
			defaultConfigurationIsVisible = 0;
		};
/* End XCConfigurationList section */
	};
	rootObject = 0122D08E1772780800F10582 /* Project object */;
}
